
Microsoft Visual Studio Solution File, Format Version 12.00
# Visual Studio Version 17
VisualStudioVersion = 17.2.32616.157
MinimumVisualStudioVersion = 10.0.40219.1
Project("{FAE04EC0-301F-11D3-BF4B-00C04F79EFBC}") = "BulkyBookWeb", "BulkyBookWeb\BulkyBookWeb.csproj", "{4E75193A-C812-4D35-9B75-7AEAE1CF40EE}"
EndProject
Global
	GlobalSection(SolutionConfigurationPlatforms) = preSolution
		Debug|Any CPU = Debug|Any CPU
		Release|Any CPU = Release|Any CPU
	EndGlobalSection
	GlobalSection(ProjectConfigurationPlatforms) = postSolution
		{4E75193A-C812-4D35-9B75-7AEAE1CF40EE}.Debug|Any CPU.ActiveCfg = Debug|Any CPU
		{4E75193A-C812-4D35-9B75-7AEAE1CF40EE}.Debug|Any CPU.Build.0 = Debug|Any CPU
		{4E75193A-C812-4D35-9B75-7AEAE1CF40EE}.Release|Any CPU.ActiveCfg = Release|Any CPU
		{4E75193A-C812-4D35-9B75-7AEAE1CF40EE}.Release|Any CPU.Build.0 = Release|Any CPU
	EndGlobalSection
	GlobalSection(SolutionProperties) = preSolution
		HideSolutionNode = FALSE
	EndGlobalSection
	GlobalSection(ExtensibilityGlobals) = postSolution
		SolutionGuid = {F99B5EAA-097F-4C13-A5FF-B5F9D2285FC0}
	EndGlobalSection
EndGlobal
